
Microsoft Visual Studio Solution File, Format Version 12.00
# Visual Studio Version 16
VisualStudioVersion = 16.0.28714.193
MinimumVisualStudioVersion = 10.0.40219.1
Project("{FAE04EC0-301F-11D3-BF4B-00C04F79EFBC}") = "Get Movies", "Get Movies\Get Movies.csproj", "{AAEDA59C-8A1D-4DED-8DAD-370812D96197}"
EndProject
Global
	GlobalSection(SolutionConfigurationPlatforms) = preSolution
		Debug|Any CPU = Debug|Any CPU
		Release|Any CPU = Release|Any CPU
	EndGlobalSection
	GlobalSection(ProjectConfigurationPlatforms) = postSolution
		{AAEDA59C-8A1D-4DED-8DAD-370812D96197}.Debug|Any CPU.ActiveCfg = Debug|Any CPU
		{AAEDA59C-8A1D-4DED-8DAD-370812D96197}.Debug|Any CPU.Build.0 = Debug|Any CPU
		{AAEDA59C-8A1D-4DED-8DAD-370812D96197}.Release|Any CPU.ActiveCfg = Release|Any CPU
		{AAEDA59C-8A1D-4DED-8DAD-370812D96197}.Release|Any CPU.Build.0 = Release|Any CPU
	EndGlobalSection
	GlobalSection(SolutionProperties) = preSolution
		HideSolutionNode = FALSE
	EndGlobalSection
	GlobalSection(ExtensibilityGlobals) = postSolution
		SolutionGuid = {9F59FC80-9BAC-428B-AB05-33135C8A78A7}
	EndGlobalSection
EndGlobal
